
Microsoft Visual Studio Solution File, Format Version 12.00
# Visual Studio Version 17
VisualStudioVersion = 17.10.35027.167
MinimumVisualStudioVersion = 10.0.40219.1
Project("{FAE04EC0-301F-11D3-BF4B-00C04F79EFBC}") = "GentousSDK(.Net Framework)", "GentousSDK(.Net Framework).csproj", "{56E47942-DEB5-4CEA-AF85-52E44DD4E676}"
EndProject
Global
	GlobalSection(SolutionConfigurationPlatforms) = preSolution
		Debug|Any CPU = Debug|Any CPU
		Release|Any CPU = Release|Any CPU
	EndGlobalSection
	GlobalSection(ProjectConfigurationPlatforms) = postSolution
		{56E47942-DEB5-4CEA-AF85-52E44DD4E676}.Debug|Any CPU.ActiveCfg = Debug|Any CPU
		{56E47942-DEB5-4CEA-AF85-52E44DD4E676}.Debug|Any CPU.Build.0 = Debug|Any CPU
		{56E47942-DEB5-4CEA-AF85-52E44DD4E676}.Release|Any CPU.ActiveCfg = Release|Any CPU
		{56E47942-DEB5-4CEA-AF85-52E44DD4E676}.Release|Any CPU.Build.0 = Release|Any CPU
	EndGlobalSection
	GlobalSection(SolutionProperties) = preSolution
		HideSolutionNode = FALSE
	EndGlobalSection
	GlobalSection(ExtensibilityGlobals) = postSolution
		SolutionGuid = {E734ED8F-F427-4134-9B73-F8C412CA2E76}
	EndGlobalSection
EndGlobal
